
Microsoft Visual Studio Solution File, Format Version 12.00
# Visual Studio Version 17
VisualStudioVersion = 17.8.34511.84
MinimumVisualStudioVersion = 10.0.40219.1
Project("{FAE04EC0-301F-11D3-BF4B-00C04F79EFBC}") = "Cilindros", "Cilindros\Cilindros.csproj", "{75F453CE-E71F-4362-8FAC-3BE8F018B01B}"
EndProject
Global
	GlobalSection(SolutionConfigurationPlatforms) = preSolution
		Debug|Any CPU = Debug|Any CPU
		Release|Any CPU = Release|Any CPU
	EndGlobalSection
	GlobalSection(ProjectConfigurationPlatforms) = postSolution
		{75F453CE-E71F-4362-8FAC-3BE8F018B01B}.Debug|Any CPU.ActiveCfg = Debug|Any CPU
		{75F453CE-E71F-4362-8FAC-3BE8F018B01B}.Debug|Any CPU.Build.0 = Debug|Any CPU
		{75F453CE-E71F-4362-8FAC-3BE8F018B01B}.Release|Any CPU.ActiveCfg = Release|Any CPU
		{75F453CE-E71F-4362-8FAC-3BE8F018B01B}.Release|Any CPU.Build.0 = Release|Any CPU
	EndGlobalSection
	GlobalSection(SolutionProperties) = preSolution
		HideSolutionNode = FALSE
	EndGlobalSection
	GlobalSection(ExtensibilityGlobals) = postSolution
		SolutionGuid = {D862754B-74AC-4532-BF1F-20C03EEEE6AD}
	EndGlobalSection
EndGlobal
