O mercantilismo, a fisiocracia e o utilitarismo são escolas econômicas, cada qual com uma visão distinta da economia. Tomando essa informação como referência e a partir do material de estudos da disciplina, CORRELACIONE as colunas a seguir e ASSINALE a alternativa que contem a sequência correta:

a. Mercantismo
b. Fisiocracia
c. Utiltaismo 


( )Tem como objetivo o livre comércio.

( ) A classe produtiva é a classe que faz
renascer, pelo cultivo da terra, as riquezas anuais
da nação.

( ) Esteve sempre associado ao projeto de um
Estado monárquico poderoso.

( ) Uma grande parte da economia de
beneficência é orientada por esta visão de
prosperidade.

( ) Defendia o fortalecimento do Estado por meio
da posse de metais preciosos.

