
Microsoft Visual Studio Solution File, Format Version 12.00
# Visual Studio Version 17
VisualStudioVersion = 17.8.34511.84
MinimumVisualStudioVersion = 10.0.40219.1
Project("{FAE04EC0-301F-11D3-BF4B-00C04F79EFBC}") = "Heranca", "Heranca\Heranca.csproj", "{F3FEB89E-E2D5-4B31-A05E-9D1D85F413A7}"
EndProject
Global
	GlobalSection(SolutionConfigurationPlatforms) = preSolution
		Debug|Any CPU = Debug|Any CPU
		Release|Any CPU = Release|Any CPU
	EndGlobalSection
	GlobalSection(ProjectConfigurationPlatforms) = postSolution
		{F3FEB89E-E2D5-4B31-A05E-9D1D85F413A7}.Debug|Any CPU.ActiveCfg = Debug|Any CPU
		{F3FEB89E-E2D5-4B31-A05E-9D1D85F413A7}.Debug|Any CPU.Build.0 = Debug|Any CPU
		{F3FEB89E-E2D5-4B31-A05E-9D1D85F413A7}.Release|Any CPU.ActiveCfg = Release|Any CPU
		{F3FEB89E-E2D5-4B31-A05E-9D1D85F413A7}.Release|Any CPU.Build.0 = Release|Any CPU
	EndGlobalSection
	GlobalSection(SolutionProperties) = preSolution
		HideSolutionNode = FALSE
	EndGlobalSection
	GlobalSection(ExtensibilityGlobals) = postSolution
		SolutionGuid = {54B60D64-0B64-46D9-B024-96AB4F0C72B9}
	EndGlobalSection
EndGlobal
