
Microsoft Visual Studio Solution File, Format Version 12.00
# Visual Studio Version 17
VisualStudioVersion = 17.8.34511.84
MinimumVisualStudioVersion = 10.0.40219.1
Project("{FAE04EC0-301F-11D3-BF4B-00C04F79EFBC}") = "Quadrado", "Quadrado\Quadrado.csproj", "{A49BDA8D-366D-4C21-A7EF-6E89DF84BB8B}"
EndProject
Project("{FAE04EC0-301F-11D3-BF4B-00C04F79EFBC}") = "ClassificacaoTriangulo", "Triangulo\ClassificacaoTriangulo.csproj", "{BE86A1D7-5BA3-4DF6-A530-597F15BFB5B0}"
EndProject
Project("{FAE04EC0-301F-11D3-BF4B-00C04F79EFBC}") = "TrianguloRetangulo", "TrianguloRetangulo\TrianguloRetangulo.csproj", "{FA999DEC-634B-4677-AE4C-AF7792E4C67C}"
EndProject
Global
	GlobalSection(SolutionConfigurationPlatforms) = preSolution
		Debug|Any CPU = Debug|Any CPU
		Release|Any CPU = Release|Any CPU
	EndGlobalSection
	GlobalSection(ProjectConfigurationPlatforms) = postSolution
		{A49BDA8D-366D-4C21-A7EF-6E89DF84BB8B}.Debug|Any CPU.ActiveCfg = Debug|Any CPU
		{A49BDA8D-366D-4C21-A7EF-6E89DF84BB8B}.Debug|Any CPU.Build.0 = Debug|Any CPU
		{A49BDA8D-366D-4C21-A7EF-6E89DF84BB8B}.Release|Any CPU.ActiveCfg = Release|Any CPU
		{A49BDA8D-366D-4C21-A7EF-6E89DF84BB8B}.Release|Any CPU.Build.0 = Release|Any CPU
		{BE86A1D7-5BA3-4DF6-A530-597F15BFB5B0}.Debug|Any CPU.ActiveCfg = Debug|Any CPU
		{BE86A1D7-5BA3-4DF6-A530-597F15BFB5B0}.Debug|Any CPU.Build.0 = Debug|Any CPU
		{BE86A1D7-5BA3-4DF6-A530-597F15BFB5B0}.Release|Any CPU.ActiveCfg = Release|Any CPU
		{BE86A1D7-5BA3-4DF6-A530-597F15BFB5B0}.Release|Any CPU.Build.0 = Release|Any CPU
		{FA999DEC-634B-4677-AE4C-AF7792E4C67C}.Debug|Any CPU.ActiveCfg = Debug|Any CPU
		{FA999DEC-634B-4677-AE4C-AF7792E4C67C}.Debug|Any CPU.Build.0 = Debug|Any CPU
		{FA999DEC-634B-4677-AE4C-AF7792E4C67C}.Release|Any CPU.ActiveCfg = Release|Any CPU
		{FA999DEC-634B-4677-AE4C-AF7792E4C67C}.Release|Any CPU.Build.0 = Release|Any CPU
	EndGlobalSection
	GlobalSection(SolutionProperties) = preSolution
		HideSolutionNode = FALSE
	EndGlobalSection
	GlobalSection(ExtensibilityGlobals) = postSolution
		SolutionGuid = {E701C090-909A-4E26-9E65-75080B782D61}
	EndGlobalSection
EndGlobal
